// !$*UTF8*$!
{
	archiveVersion = 1;
	classes = {
	};
	objectVersion = 52;
	objects = {

/* Begin PBXBuildFile section */
		DE42ED3B27A8112400CF36A5 /* AppDelegate.swift in Sources */ = {isa = PBXBuildFile; fileRef = DE42ED3A27A8112400CF36A5 /* AppDelegate.swift */; };
		DE42ED3D27A8112400CF36A5 /* SceneDelegate.swift in Sources */ = {isa = PBXBuildFile; fileRef = DE42ED3C27A8112400CF36A5 /* SceneDelegate.swift */; };
		DE42ED3F27A8112400CF36A5 /* FeedViewController.swift in Sources */ = {isa = PBXBuildFile; fileRef = DE42ED3E27A8112400CF36A5 /* FeedViewController.swift */; };
		DE42ED4427A8113000CF36A5 /* Assets.xcassets in Resources */ = {isa = PBXBuildFile; fileRef = DE42ED4327A8113000CF36A5 /* Assets.xcassets */; };
		DE42ED4727A8113000CF36A5 /* LaunchScreen.storyboard in Resources */ = {isa = PBXBuildFile; fileRef = DE42ED4527A8113000CF36A5 /* LaunchScreen.storyboard */; };
		DE42ED5027A8115B00CF36A5 /* SnapKit in Frameworks */ = {isa = PBXBuildFile; productRef = DE42ED4F27A8115B00CF36A5 /* SnapKit */; };
		DE42ED5227A811F000CF36A5 /* TabBarController.swift in Sources */ = {isa = PBXBuildFile; fileRef = DE42ED5127A811F000CF36A5 /* TabBarController.swift */; };
		DE42ED5527A816B500CF36A5 /* FeedTableViewCell.swift in Sources */ = {isa = PBXBuildFile; fileRef = DE42ED5427A816B500CF36A5 /* FeedTableViewCell.swift */; };
		DE42ED5827A81D9800CF36A5 /* UIButton.swift in Sources */ = {isa = PBXBuildFile; fileRef = DE42ED5727A81D9800CF36A5 /* UIButton.swift */; };
		DE42ED5F27A81ED500CF36A5 /* ProfileViewController.swift in Sources */ = {isa = PBXBuildFile; fileRef = DE42ED5E27A81ED500CF36A5 /* ProfileViewController.swift */; };
		DE42ED6127A8241A00CF36A5 /* ProfileDataView.swift in Sources */ = {isa = PBXBuildFile; fileRef = DE42ED6027A8241A00CF36A5 /* ProfileDataView.swift */; };
		DE42ED6427A8299F00CF36A5 /* ProfileCollectionVIewCell.swift in Sources */ = {isa = PBXBuildFile; fileRef = DE42ED6327A8299F00CF36A5 /* ProfileCollectionVIewCell.swift */; };
		DE42ED6627A8315000CF36A5 /* UploadViewController.swift in Sources */ = {isa = PBXBuildFile; fileRef = DE42ED6527A8315000CF36A5 /* UploadViewController.swift */; };
/* End PBXBuildFile section */

/* Begin PBXFileReference section */
		DE42ED3727A8112400CF36A5 /* OutStagram.app */ = {isa = PBXFileReference; explicitFileType = wrapper.application; includeInIndex = 0; path = OutStagram.app; sourceTree = BUILT_PRODUCTS_DIR; };
		DE42ED3A27A8112400CF36A5 /* AppDelegate.swift */ = {isa = PBXFileReference; lastKnownFileType = sourcecode.swift; path = AppDelegate.swift; sourceTree = "<group>"; };
		DE42ED3C27A8112400CF36A5 /* SceneDelegate.swift */ = {isa = PBXFileReference; lastKnownFileType = sourcecode.swift; path = SceneDelegate.swift; sourceTree = "<group>"; };
		DE42ED3E27A8112400CF36A5 /* FeedViewController.swift */ = {isa = PBXFileReference; lastKnownFileType = sourcecode.swift; path = FeedViewController.swift; sourceTree = "<group>"; };
		DE42ED4327A8113000CF36A5 /* Assets.xcassets */ = {isa = PBXFileReference; lastKnownFileType = folder.assetcatalog; path = Assets.xcassets; sourceTree = "<group>"; };
		DE42ED4627A8113000CF36A5 /* Base */ = {isa = PBXFileReference; lastKnownFileType = file.storyboard; name = Base; path = Base.lproj/LaunchScreen.storyboard; sourceTree = "<group>"; };
		DE42ED4827A8113000CF36A5 /* Info.plist */ = {isa = PBXFileReference; lastKnownFileType = text.plist.xml; path = Info.plist; sourceTree = "<group>"; };
		DE42ED5127A811F000CF36A5 /* TabBarController.swift */ = {isa = PBXFileReference; lastKnownFileType = sourcecode.swift; path = TabBarController.swift; sourceTree = "<group>"; };
		DE42ED5427A816B500CF36A5 /* FeedTableViewCell.swift */ = {isa = PBXFileReference; lastKnownFileType = sourcecode.swift; path = FeedTableViewCell.swift; sourceTree = "<group>"; };
		DE42ED5727A81D9800CF36A5 /* UIButton.swift */ = {isa = PBXFileReference; lastKnownFileType = sourcecode.swift; path = UIButton.swift; sourceTree = "<group>"; };
		DE42ED5E27A81ED500CF36A5 /* ProfileViewController.swift */ = {isa = PBXFileReference; lastKnownFileType = sourcecode.swift; path = ProfileViewController.swift; sourceTree = "<group>"; };
		DE42ED6027A8241A00CF36A5 /* ProfileDataView.swift */ = {isa = PBXFileReference; lastKnownFileType = sourcecode.swift; path = ProfileDataView.swift; sourceTree = "<group>"; };
		DE42ED6327A8299F00CF36A5 /* ProfileCollectionVIewCell.swift */ = {isa = PBXFileReference; lastKnownFileType = sourcecode.swift; path = ProfileCollectionVIewCell.swift; sourceTree = "<group>"; };
		DE42ED6527A8315000CF36A5 /* UploadViewController.swift */ = {isa = PBXFileReference; lastKnownFileType = sourcecode.swift; path = UploadViewController.swift; sourceTree = "<group>"; };
/* End PBXFileReference section */

/* Begin PBXFrameworksBuildPhase section */
		DE42ED3427A8112400CF36A5 /* Frameworks */ = {
			isa = PBXFrameworksBuildPhase;
			buildActionMask = 2147483647;
			files = (
				DE42ED5027A8115B00CF36A5 /* SnapKit in Frameworks */,
			);
			runOnlyForDeploymentPostprocessing = 0;
		};
/* End PBXFrameworksBuildPhase section */

/* Begin PBXGroup section */
		DE42ED2E27A8112300CF36A5 = {
			isa = PBXGroup;
			children = (
				DE42ED3927A8112400CF36A5 /* OutStagram */,
				DE42ED3827A8112400CF36A5 /* Products */,
			);
			sourceTree = "<group>";
		};
		DE42ED3827A8112400CF36A5 /* Products */ = {
			isa = PBXGroup;
			children = (
				DE42ED3727A8112400CF36A5 /* OutStagram.app */,
			);
			name = Products;
			sourceTree = "<group>";
		};
		DE42ED3927A8112400CF36A5 /* OutStagram */ = {
			isa = PBXGroup;
			children = (
				DE42ED5627A81D8200CF36A5 /* Extension */,
				DE42ED5327A811FA00CF36A5 /* ViewController */,
				DE42ED3A27A8112400CF36A5 /* AppDelegate.swift */,
				DE42ED3C27A8112400CF36A5 /* SceneDelegate.swift */,
				DE42ED4327A8113000CF36A5 /* Assets.xcassets */,
				DE42ED4527A8113000CF36A5 /* LaunchScreen.storyboard */,
				DE42ED4827A8113000CF36A5 /* Info.plist */,
			);
			path = OutStagram;
			sourceTree = "<group>";
		};
		DE42ED5327A811FA00CF36A5 /* ViewController */ = {
			isa = PBXGroup;
			children = (
				DE42ED5A27A81E7800CF36A5 /* Profile */,
				DE42ED5927A81E7200CF36A5 /* Feed */,
				DE42ED5127A811F000CF36A5 /* TabBarController.swift */,
			);
			path = ViewController;
			sourceTree = "<group>";
		};
		DE42ED5627A81D8200CF36A5 /* Extension */ = {
			isa = PBXGroup;
			children = (
				DE42ED5727A81D9800CF36A5 /* UIButton.swift */,
			);
			path = Extension;
			sourceTree = "<group>";
		};
		DE42ED5927A81E7200CF36A5 /* Feed */ = {
			isa = PBXGroup;
			children = (
				DE42ED5B27A81E8100CF36A5 /* Cell */,
				DE42ED3E27A8112400CF36A5 /* FeedViewController.swift */,
				DE42ED6527A8315000CF36A5 /* UploadViewController.swift */,
			);
			path = Feed;
			sourceTree = "<group>";
		};
		DE42ED5A27A81E7800CF36A5 /* Profile */ = {
			isa = PBXGroup;
			children = (
				DE42ED6727A8323700CF36A5 /* View */,
				DE42ED6227A8299300CF36A5 /* Cell */,
				DE42ED5E27A81ED500CF36A5 /* ProfileViewController.swift */,
			);
			path = Profile;
			sourceTree = "<group>";
		};
		DE42ED5B27A81E8100CF36A5 /* Cell */ = {
			isa = PBXGroup;
			children = (
				DE42ED5427A816B500CF36A5 /* FeedTableViewCell.swift */,
			);
			path = Cell;
			sourceTree = "<group>";
		};
		DE42ED6227A8299300CF36A5 /* Cell */ = {
			isa = PBXGroup;
			children = (
				DE42ED6327A8299F00CF36A5 /* ProfileCollectionVIewCell.swift */,
			);
			path = Cell;
			sourceTree = "<group>";
		};
		DE42ED6727A8323700CF36A5 /* View */ = {
			isa = PBXGroup;
			children = (
				DE42ED6027A8241A00CF36A5 /* ProfileDataView.swift */,
			);
			path = View;
			sourceTree = "<group>";
		};
/* End PBXGroup section */

/* Begin PBXNativeTarget section */
		DE42ED3627A8112400CF36A5 /* OutStagram */ = {
			isa = PBXNativeTarget;
			buildConfigurationList = DE42ED4B27A8113000CF36A5 /* Build configuration list for PBXNativeTarget "OutStagram" */;
			buildPhases = (
				DE42ED3327A8112400CF36A5 /* Sources */,
				DE42ED3427A8112400CF36A5 /* Frameworks */,
				DE42ED3527A8112400CF36A5 /* Resources */,
			);
			buildRules = (
			);
			dependencies = (
			);
			name = OutStagram;
			packageProductDependencies = (
				DE42ED4F27A8115B00CF36A5 /* SnapKit */,
			);
			productName = OutStagram;
			productReference = DE42ED3727A8112400CF36A5 /* OutStagram.app */;
			productType = "com.apple.product-type.application";
		};
/* End PBXNativeTarget section */

/* Begin PBXProject section */
		DE42ED2F27A8112300CF36A5 /* Project object */ = {
			isa = PBXProject;
			attributes = {
				LastSwiftUpdateCheck = 1250;
				LastUpgradeCheck = 1250;
				TargetAttributes = {
					DE42ED3627A8112400CF36A5 = {
						CreatedOnToolsVersion = 12.5.1;
					};
				};
			};
			buildConfigurationList = DE42ED3227A8112300CF36A5 /* Build configuration list for PBXProject "OutStagram" */;
			compatibilityVersion = "Xcode 9.3";
			developmentRegion = en;
			hasScannedForEncodings = 0;
			knownRegions = (
				en,
				Base,
			);
			mainGroup = DE42ED2E27A8112300CF36A5;
			packageReferences = (
				DE42ED4E27A8115B00CF36A5 /* XCRemoteSwiftPackageReference "SnapKit" */,
			);
			productRefGroup = DE42ED3827A8112400CF36A5 /* Products */;
			projectDirPath = "";
			projectRoot = "";
			targets = (
				DE42ED3627A8112400CF36A5 /* OutStagram */,
			);
		};
/* End PBXProject section */

/* Begin PBXResourcesBuildPhase section */
		DE42ED3527A8112400CF36A5 /* Resources */ = {
			isa = PBXResourcesBuildPhase;
			buildActionMask = 2147483647;
			files = (
				DE42ED4727A8113000CF36A5 /* LaunchScreen.storyboard in Resources */,
				DE42ED4427A8113000CF36A5 /* Assets.xcassets in Resources */,
			);
			runOnlyForDeploymentPostprocessing = 0;
		};
/* End PBXResourcesBuildPhase section */

/* Begin PBXSourcesBuildPhase section */
		DE42ED3327A8112400CF36A5 /* Sources */ = {
			isa = PBXSourcesBuildPhase;
			buildActionMask = 2147483647;
			files = (
				DE42ED3F27A8112400CF36A5 /* FeedViewController.swift in Sources */,
				DE42ED6627A8315000CF36A5 /* UploadViewController.swift in Sources */,
				DE42ED6427A8299F00CF36A5 /* ProfileCollectionVIewCell.swift in Sources */,
				DE42ED5227A811F000CF36A5 /* TabBarController.swift in Sources */,
				DE42ED3B27A8112400CF36A5 /* AppDelegate.swift in Sources */,
				DE42ED5827A81D9800CF36A5 /* UIButton.swift in Sources */,
				DE42ED5F27A81ED500CF36A5 /* ProfileViewController.swift in Sources */,
				DE42ED3D27A8112400CF36A5 /* SceneDelegate.swift in Sources */,
				DE42ED6127A8241A00CF36A5 /* ProfileDataView.swift in Sources */,
				DE42ED5527A816B500CF36A5 /* FeedTableViewCell.swift in Sources */,
			);
			runOnlyForDeploymentPostprocessing = 0;
		};
/* End PBXSourcesBuildPhase section */

/* Begin PBXVariantGroup section */
		DE42ED4527A8113000CF36A5 /* LaunchScreen.storyboard */ = {
			isa = PBXVariantGroup;
			children = (
				DE42ED4627A8113000CF36A5 /* Base */,
			);
			name = LaunchScreen.storyboard;
			sourceTree = "<group>";
		};
/* End PBXVariantGroup section */

/* Begin XCBuildConfiguration section */
		DE42ED4927A8113000CF36A5 /* Debug */ = {
			isa = XCBuildConfiguration;
			buildSettings = {
				ALWAYS_SEARCH_USER_PATHS = NO;
				CLANG_ANALYZER_NONNULL = YES;
				CLANG_ANALYZER_NUMBER_OBJECT_CONVERSION = YES_AGGRESSIVE;
				CLANG_CXX_LANGUAGE_STANDARD = "gnu++14";
				CLANG_CXX_LIBRARY = "libc++";
				CLANG_ENABLE_MODULES = YES;
				CLANG_ENABLE_OBJC_ARC = YES;
				CLANG_ENABLE_OBJC_WEAK = YES;
				CLANG_WARN_BLOCK_CAPTURE_AUTORELEASING = YES;
				CLANG_WARN_BOOL_CONVERSION = YES;
				CLANG_WARN_COMMA = YES;
				CLANG_WARN_CONSTANT_CONVERSION = YES;
				CLANG_WARN_DEPRECATED_OBJC_IMPLEMENTATIONS = YES;
				CLANG_WARN_DIRECT_OBJC_ISA_USAGE = YES_ERROR;
				CLANG_WARN_DOCUMENTATION_COMMENTS = YES;
				CLANG_WARN_EMPTY_BODY = YES;
				CLANG_WARN_ENUM_CONVERSION = YES;
				CLANG_WARN_INFINITE_RECURSION = YES;
				CLANG_WARN_INT_CONVERSION = YES;
				CLANG_WARN_NON_LITERAL_NULL_CONVERSION = YES;
				CLANG_WARN_OBJC_IMPLICIT_RETAIN_SELF = YES;
				CLANG_WARN_OBJC_LITERAL_CONVERSION = YES;
				CLANG_WARN_OBJC_ROOT_CLASS = YES_ERROR;
				CLANG_WARN_QUOTED_INCLUDE_IN_FRAMEWORK_HEADER = YES;
				CLANG_WARN_RANGE_LOOP_ANALYSIS = YES;
				CLANG_WARN_STRICT_PROTOTYPES = YES;
				CLANG_WARN_SUSPICIOUS_MOVE = YES;
				CLANG_WARN_UNGUARDED_AVAILABILITY = YES_AGGRESSIVE;
				CLANG_WARN_UNREACHABLE_CODE = YES;
				CLANG_WARN__DUPLICATE_METHOD_MATCH = YES;
				COPY_PHASE_STRIP = NO;
				DEBUG_INFORMATION_FORMAT = dwarf;
				ENABLE_STRICT_OBJC_MSGSEND = YES;
				ENABLE_TESTABILITY = YES;
				GCC_C_LANGUAGE_STANDARD = gnu11;
				GCC_DYNAMIC_NO_PIC = NO;
				GCC_NO_COMMON_BLOCKS = YES;
				GCC_OPTIMIZATION_LEVEL = 0;
				GCC_PREPROCESSOR_DEFINITIONS = (
					"DEBUG=1",
					"$(inherited)",
				);
				GCC_WARN_64_TO_32_BIT_CONVERSION = YES;
				GCC_WARN_ABOUT_RETURN_TYPE = YES_ERROR;
				GCC_WARN_UNDECLARED_SELECTOR = YES;
				GCC_WARN_UNINITIALIZED_AUTOS = YES_AGGRESSIVE;
				GCC_WARN_UNUSED_FUNCTION = YES;
				GCC_WARN_UNUSED_VARIABLE = YES;
				IPHONEOS_DEPLOYMENT_TARGET = 14.5;
				MTL_ENABLE_DEBUG_INFO = INCLUDE_SOURCE;
				MTL_FAST_MATH = YES;
				ONLY_ACTIVE_ARCH = YES;
				SDKROOT = iphoneos;
				SWIFT_ACTIVE_COMPILATION_CONDITIONS = DEBUG;
				SWIFT_OPTIMIZATION_LEVEL = "-Onone";
			};
			name = Debug;
		};
		DE42ED4A27A8113000CF36A5 /* Release */ = {
			isa = XCBuildConfiguration;
			buildSettings = {
				ALWAYS_SEARCH_USER_PATHS = NO;
				CLANG_ANALYZER_NONNULL = YES;
				CLANG_ANALYZER_NUMBER_OBJECT_CONVERSION = YES_AGGRESSIVE;
				CLANG_CXX_LANGUAGE_STANDARD = "gnu++14";
				CLANG_CXX_LIBRARY = "libc++";
				CLANG_ENABLE_MODULES = YES;
				CLANG_ENABLE_OBJC_ARC = YES;
				CLANG_ENABLE_OBJC_WEAK = YES;
				CLANG_WARN_BLOCK_CAPTURE_AUTORELEASING = YES;
				CLANG_WARN_BOOL_CONVERSION = YES;
				CLANG_WARN_COMMA = YES;
				CLANG_WARN_CONSTANT_CONVERSION = YES;
				CLANG_WARN_DEPRECATED_OBJC_IMPLEMENTATIONS = YES;
				CLANG_WARN_DIRECT_OBJC_ISA_USAGE = YES_ERROR;
				CLANG_WARN_DOCUMENTATION_COMMENTS = YES;
				CLANG_WARN_EMPTY_BODY = YES;
				CLANG_WARN_ENUM_CONVERSION = YES;
				CLANG_WARN_INFINITE_RECURSION = YES;
				CLANG_WARN_INT_CONVERSION = YES;
				CLANG_WARN_NON_LITERAL_NULL_CONVERSION = YES;
				CLANG_WARN_OBJC_IMPLICIT_RETAIN_SELF = YES;
				CLANG_WARN_OBJC_LITERAL_CONVERSION = YES;
				CLANG_WARN_OBJC_ROOT_CLASS = YES_ERROR;
				CLANG_WARN_QUOTED_INCLUDE_IN_FRAMEWORK_HEADER = YES;
				CLANG_WARN_RANGE_LOOP_ANALYSIS = YES;
				CLANG_WARN_STRICT_PROTOTYPES = YES;
				CLANG_WARN_SUSPICIOUS_MOVE = YES;
				CLANG_WARN_UNGUARDED_AVAILABILITY = YES_AGGRESSIVE;
				CLANG_WARN_UNREACHABLE_CODE = YES;
				CLANG_WARN__DUPLICATE_METHOD_MATCH = YES;
				COPY_PHASE_STRIP = NO;
				DEBUG_INFORMATION_FORMAT = "dwarf-with-dsym";
				ENABLE_NS_ASSERTIONS = NO;
				ENABLE_STRICT_OBJC_MSGSEND = YES;
				GCC_C_LANGUAGE_STANDARD = gnu11;
				GCC_NO_COMMON_BLOCKS = YES;
				GCC_WARN_64_TO_32_BIT_CONVERSION = YES;
				GCC_WARN_ABOUT_RETURN_TYPE = YES_ERROR;
				GCC_WARN_UNDECLARED_SELECTOR = YES;
				GCC_WARN_UNINITIALIZED_AUTOS = YES_AGGRESSIVE;
				GCC_WARN_UNUSED_FUNCTION = YES;
				GCC_WARN_UNUSED_VARIABLE = YES;
				IPHONEOS_DEPLOYMENT_TARGET = 14.5;
				MTL_ENABLE_DEBUG_INFO = NO;
				MTL_FAST_MATH = YES;
				SDKROOT = iphoneos;
				SWIFT_COMPILATION_MODE = wholemodule;
				SWIFT_OPTIMIZATION_LEVEL = "-O";
				VALIDATE_PRODUCT = YES;
			};
			name = Release;
		};
		DE42ED4C27A8113000CF36A5 /* Debug */ = {
			isa = XCBuildConfiguration;
			buildSettings = {
				ASSETCATALOG_COMPILER_APPICON_NAME = AppIcon;
				ASSETCATALOG_COMPILER_GLOBAL_ACCENT_COLOR_NAME = AccentColor;
				CODE_SIGN_STYLE = Automatic;
				DEVELOPMENT_TEAM = J74H985T9L;
				INFOPLIST_FILE = OutStagram/Info.plist;
				LD_RUNPATH_SEARCH_PATHS = (
					"$(inherited)",
					"@executable_path/Frameworks",
				);
				PRODUCT_BUNDLE_IDENTIFIER = com.terry.OutStagram;
				PRODUCT_NAME = "$(TARGET_NAME)";
				SWIFT_VERSION = 5.0;
				TARGETED_DEVICE_FAMILY = "1,2";
			};
			name = Debug;
		};
		DE42ED4D27A8113000CF36A5 /* Release */ = {
			isa = XCBuildConfiguration;
			buildSettings = {
				ASSETCATALOG_COMPILER_APPICON_NAME = AppIcon;
				ASSETCATALOG_COMPILER_GLOBAL_ACCENT_COLOR_NAME = AccentColor;
				CODE_SIGN_STYLE = Automatic;
				DEVELOPMENT_TEAM = J74H985T9L;
				INFOPLIST_FILE = OutStagram/Info.plist;
				LD_RUNPATH_SEARCH_PATHS = (
					"$(inherited)",
					"@executable_path/Frameworks",
				);
				PRODUCT_BUNDLE_IDENTIFIER = com.terry.OutStagram;
				PRODUCT_NAME = "$(TARGET_NAME)";
				SWIFT_VERSION = 5.0;
				TARGETED_DEVICE_FAMILY = "1,2";
			};
			name = Release;
		};
/* End XCBuildConfiguration section */

/* Begin XCConfigurationList section */
		DE42ED3227A8112300CF36A5 /* Build configuration list for PBXProject "OutStagram" */ = {
			isa = XCConfigurationList;
			buildConfigurations = (
				DE42ED4927A8113000CF36A5 /* Debug */,
				DE42ED4A27A8113000CF36A5 /* Release */,
			);
			defaultConfigurationIsVisible = 0;
			defaultConfigurationName = Release;
		};
		DE42ED4B27A8113000CF36A5 /* Build configuration list for PBXNativeTarget "OutStagram" */ = {
			isa = XCConfigurationList;
			buildConfigurations = (
				DE42ED4C27A8113000CF36A5 /* Debug */,
				DE42ED4D27A8113000CF36A5 /* Release */,
			);
			defaultConfigurationIsVisible = 0;
			defaultConfigurationName = Release;
		};
/* End XCConfigurationList section */

/* Begin XCRemoteSwiftPackageReference section */
		DE42ED4E27A8115B00CF36A5 /* XCRemoteSwiftPackageReference "SnapKit" */ = {
			isa = XCRemoteSwiftPackageReference;
			repositoryURL = "https://github.com/SnapKit/SnapKit.git";
			requirement = {
				kind = upToNextMajorVersion;
				minimumVersion = 5.0.1;
			};
		};
/* End XCRemoteSwiftPackageReference section */

/* Begin XCSwiftPackageProductDependency section */
		DE42ED4F27A8115B00CF36A5 /* SnapKit */ = {
			isa = XCSwiftPackageProductDependency;
			package = DE42ED4E27A8115B00CF36A5 /* XCRemoteSwiftPackageReference "SnapKit" */;
			productName = SnapKit;
		};
/* End XCSwiftPackageProductDependency section */
	};
	rootObject = DE42ED2F27A8112300CF36A5 /* Project object */;
}
